
Microsoft Visual Studio Solution File, Format Version 12.00
# Visual Studio 15
Project("{FAE04EC0-301F-11D3-BF4B-00C04F79EFBC}") = "ComputerAskeyboardLinux32", "ComputerAskeyboardLinux32\ComputerAsKeyboardInterface.csproj", "{55EA9A25-BAB0-4BD5-A8AF-6494E43052F8}"
EndProject
Project("{FAE04EC0-301F-11D3-BF4B-00C04F79EFBC}") = "ScreenSender", "ScreenSender\ScreenSender.csproj", "{B268B45D-0053-4435-9552-4A5514DB7B30}"
EndProject
Global
	GlobalSection(SolutionConfigurationPlatforms) = preSolution
		Debug|x86 = Debug|x86
		Release|x86 = Release|x86
	EndGlobalSection
	GlobalSection(ProjectConfigurationPlatforms) = postSolution
		{55EA9A25-BAB0-4BD5-A8AF-6494E43052F8}.Debug|x86.ActiveCfg = Debug|x86
		{55EA9A25-BAB0-4BD5-A8AF-6494E43052F8}.Debug|x86.Build.0 = Debug|x86
		{55EA9A25-BAB0-4BD5-A8AF-6494E43052F8}.Release|x86.ActiveCfg = Release|x86
		{55EA9A25-BAB0-4BD5-A8AF-6494E43052F8}.Release|x86.Build.0 = Release|x86
		{B268B45D-0053-4435-9552-4A5514DB7B30}.Debug|x86.ActiveCfg = Debug|Any CPU
		{B268B45D-0053-4435-9552-4A5514DB7B30}.Debug|x86.Build.0 = Debug|Any CPU
		{B268B45D-0053-4435-9552-4A5514DB7B30}.Release|x86.ActiveCfg = Release|Any CPU
		{B268B45D-0053-4435-9552-4A5514DB7B30}.Release|x86.Build.0 = Release|Any CPU
	EndGlobalSection
EndGlobal
