
Microsoft Visual Studio Solution File, Format Version 12.00
# Visual Studio Version 17
VisualStudioVersion = 17.5.002.0
MinimumVisualStudioVersion = 10.0.40219.1
Project("{9A19103F-16F7-4668-BE54-9A1E7A4F7556}") = "ComputerAsKeyboardInterface", "ComputerAsKeyboardInterface.csproj", "{9610ED73-F296-4F6E-AB72-17E05E7CF9E3}"
EndProject
Global
	GlobalSection(SolutionConfigurationPlatforms) = preSolution
		Debug|Any CPU = Debug|Any CPU
		Release|Any CPU = Release|Any CPU
	EndGlobalSection
	GlobalSection(ProjectConfigurationPlatforms) = postSolution
		{9610ED73-F296-4F6E-AB72-17E05E7CF9E3}.Debug|Any CPU.ActiveCfg = Debug|Any CPU
		{9610ED73-F296-4F6E-AB72-17E05E7CF9E3}.Debug|Any CPU.Build.0 = Debug|Any CPU
		{9610ED73-F296-4F6E-AB72-17E05E7CF9E3}.Release|Any CPU.ActiveCfg = Release|Any CPU
		{9610ED73-F296-4F6E-AB72-17E05E7CF9E3}.Release|Any CPU.Build.0 = Release|Any CPU
	EndGlobalSection
	GlobalSection(SolutionProperties) = preSolution
		HideSolutionNode = FALSE
	EndGlobalSection
	GlobalSection(ExtensibilityGlobals) = postSolution
		SolutionGuid = {7769DE87-24B9-4A95-8A00-A44D250738D1}
	EndGlobalSection
EndGlobal
